PODS:
  - Realm (10.42.3):
    - Realm/Headers (= 10.42.3)
  - Realm/Headers (10.42.3)
  - RealmSwift (10.42.3):
    - Realm (= 10.42.3)

DEPENDENCIES:
  - RealmSwift (~> 10)

SPEC REPOS:
  trunk:
    - Realm
    - RealmSwift

SPEC CHECKSUMS:
  Realm: ac7fa0100533e1c91511b19a58e837f9cfd80bb7
  RealmSwift: a06d4e3c623a5f236bd9fe214f0bfdfee20312c2

PODFILE CHECKSUM: 8faa7486cd90abcf4e60b85503f438f640f91432

COCOAPODS: 1.12.1
