// !$*UTF8*$!
{
	archiveVersion = 1;
	classes = {
	};
	objectVersion = 56;
	objects = {

/* Begin PBXBuildFile section */
		66BBC157FE758708325E25AF /* Pods_TestFarras.framework in Frameworks */ = {isa = PBXBuildFile; fileRef = FA543685F4274B7559229B4C /* Pods_TestFarras.framework */; };
		C3323BE94D22AE768431ABB2 /* Pods_TestFarrasTests.framework in Frameworks */ = {isa = PBXBuildFile; fileRef = F04DE7F11CA92EEE72EDD62C /* Pods_TestFarrasTests.framework */; };
		EDD76BEF2AB944FD007BA34E /* AppDelegate.swift in Sources */ = {isa = PBXBuildFile; fileRef = EDD76BEE2AB944FD007BA34E /* AppDelegate.swift */; };
		EDD76BF12AB944FD007BA34E /* SceneDelegate.swift in Sources */ = {isa = PBXBuildFile; fileRef = EDD76BF02AB944FD007BA34E /* SceneDelegate.swift */; };
		EDD76BF32AB944FD007BA34E /* ViewController.swift in Sources */ = {isa = PBXBuildFile; fileRef = EDD76BF22AB944FD007BA34E /* ViewController.swift */; };
		EDD76BF62AB944FD007BA34E /* Main.storyboard in Resources */ = {isa = PBXBuildFile; fileRef = EDD76BF42AB944FD007BA34E /* Main.storyboard */; };
		EDD76BF82AB944FF007BA34E /* Assets.xcassets in Resources */ = {isa = PBXBuildFile; fileRef = EDD76BF72AB944FF007BA34E /* Assets.xcassets */; };
		EDD76BFB2AB944FF007BA34E /* LaunchScreen.storyboard in Resources */ = {isa = PBXBuildFile; fileRef = EDD76BF92AB944FF007BA34E /* LaunchScreen.storyboard */; };
		EDD76C062AB944FF007BA34E /* TestFarrasTests.swift in Sources */ = {isa = PBXBuildFile; fileRef = EDD76C052AB944FF007BA34E /* TestFarrasTests.swift */; };
		EDD76C5D2AB983A7007BA34E /* HomeVC.swift in Sources */ = {isa = PBXBuildFile; fileRef = EDD76C5C2AB983A7007BA34E /* HomeVC.swift */; };
		EDD76C652AB984A3007BA34E /* UIColor+Extensions.swift in Sources */ = {isa = PBXBuildFile; fileRef = EDD76C642AB984A3007BA34E /* UIColor+Extensions.swift */; };
		EDD76C682AB98547007BA34E /* BNIStackView.swift in Sources */ = {isa = PBXBuildFile; fileRef = EDD76C672AB98547007BA34E /* BNIStackView.swift */; };
		EDD76C6A2AB98ABD007BA34E /* UIView+Extensions.swift in Sources */ = {isa = PBXBuildFile; fileRef = EDD76C692AB98ABD007BA34E /* UIView+Extensions.swift */; };
		EDD76C6C2AB98D30007BA34E /* BNILabel.swift in Sources */ = {isa = PBXBuildFile; fileRef = EDD76C6B2AB98D30007BA34E /* BNILabel.swift */; };
		EDD76C6E2AB9932C007BA34E /* BNIImageView.swift in Sources */ = {isa = PBXBuildFile; fileRef = EDD76C6D2AB9932C007BA34E /* BNIImageView.swift */; };
		EDD76C762AB99A0C007BA34E /* QRCodeScannerVC.swift in Sources */ = {isa = PBXBuildFile; fileRef = EDD76C752AB99A0C007BA34E /* QRCodeScannerVC.swift */; };
		EDD76C792AB9A3AB007BA34E /* PaymentConfirmationVC.swift in Sources */ = {isa = PBXBuildFile; fileRef = EDD76C782AB9A3AB007BA34E /* PaymentConfirmationVC.swift */; };
		EDD76C7B2AB9B5EC007BA34E /* BNIButton.swift in Sources */ = {isa = PBXBuildFile; fileRef = EDD76C7A2AB9B5EC007BA34E /* BNIButton.swift */; };
		EDD76C7D2AB9B8C8007BA34E /* Payment.swift in Sources */ = {isa = PBXBuildFile; fileRef = EDD76C7C2AB9B8C8007BA34E /* Payment.swift */; };
		EDD76C802AB9D99B007BA34E /* UIAlertController+Extensions.swift in Sources */ = {isa = PBXBuildFile; fileRef = EDD76C7F2AB9D99B007BA34E /* UIAlertController+Extensions.swift */; };
		EDD76C832AB9DC26007BA34E /* BNIUserDefaultManager.swift in Sources */ = {isa = PBXBuildFile; fileRef = EDD76C822AB9DC26007BA34E /* BNIUserDefaultManager.swift */; };
		EDD76C852ABAA56C007BA34E /* Int+Extensions.swift in Sources */ = {isa = PBXBuildFile; fileRef = EDD76C842ABAA56C007BA34E /* Int+Extensions.swift */; };
		EDD76C892ABAA8E2007BA34E /* Notification.Name+Extensions.swift in Sources */ = {isa = PBXBuildFile; fileRef = EDD76C882ABAA8E2007BA34E /* Notification.Name+Extensions.swift */; };
		EDD76C8C2ABAC21A007BA34E /* User.swift in Sources */ = {isa = PBXBuildFile; fileRef = EDD76C8B2ABAC21A007BA34E /* User.swift */; };
		EDD76C8E2ABAC303007BA34E /* RealmHelper.swift in Sources */ = {isa = PBXBuildFile; fileRef = EDD76C8D2ABAC303007BA34E /* RealmHelper.swift */; };
		EDD76C902ABACFBA007BA34E /* Transaction.swift in Sources */ = {isa = PBXBuildFile; fileRef = EDD76C8F2ABACFBA007BA34E /* Transaction.swift */; };
		EDFCDF942ABCFA2E00C366C2 /* HomePresenter.swift in Sources */ = {isa = PBXBuildFile; fileRef = EDFCDF932ABCFA2E00C366C2 /* HomePresenter.swift */; };
		EDFCDF962ABCFA5900C366C2 /* HomeInteractor.swift in Sources */ = {isa = PBXBuildFile; fileRef = EDFCDF952ABCFA5900C366C2 /* HomeInteractor.swift */; };
		EDFCDF982ABCFA9B00C366C2 /* HomeRouter.swift in Sources */ = {isa = PBXBuildFile; fileRef = EDFCDF972ABCFA9B00C366C2 /* HomeRouter.swift */; };
		EDFCDF9F2ABD009900C366C2 /* QRCodeScannerPresenter.swift in Sources */ = {isa = PBXBuildFile; fileRef = EDFCDF9E2ABD009900C366C2 /* QRCodeScannerPresenter.swift */; };
		EDFCDFA12ABD00A800C366C2 /* QRCodeScannerInteractor.swift in Sources */ = {isa = PBXBuildFile; fileRef = EDFCDFA02ABD00A800C366C2 /* QRCodeScannerInteractor.swift */; };
		EDFCDFA32ABD00B100C366C2 /* QRCodeScannerRouter.swift in Sources */ = {isa = PBXBuildFile; fileRef = EDFCDFA22ABD00B100C366C2 /* QRCodeScannerRouter.swift */; };
		EDFCDFAA2ABD085400C366C2 /* PaymentConfirmationPresenter.swift in Sources */ = {isa = PBXBuildFile; fileRef = EDFCDFA92ABD085400C366C2 /* PaymentConfirmationPresenter.swift */; };
		EDFCDFAC2ABD086000C366C2 /* PaymentConfirmationInteractor.swift in Sources */ = {isa = PBXBuildFile; fileRef = EDFCDFAB2ABD086000C366C2 /* PaymentConfirmationInteractor.swift */; };
		EDFCDFAE2ABD086B00C366C2 /* PaymentConfirmationRouter.swift in Sources */ = {isa = PBXBuildFile; fileRef = EDFCDFAD2ABD086B00C366C2 /* PaymentConfirmationRouter.swift */; };
/* End PBXBuildFile section */

/* Begin PBXContainerItemProxy section */
		EDD76C022AB944FF007BA34E /* PBXContainerItemProxy */ = {
			isa = PBXContainerItemProxy;
			containerPortal = EDD76BE32AB944FD007BA34E /* Project object */;
			proxyType = 1;
			remoteGlobalIDString = EDD76BEA2AB944FD007BA34E;
			remoteInfo = TestFarras;
		};
/* End PBXContainerItemProxy section */

/* Begin PBXFileReference section */
		29D379F456E41C5ADEE6BF43 /* Pods-TestFarrasTests.debug.xcconfig */ = {isa = PBXFileReference; includeInIndex = 1; lastKnownFileType = text.xcconfig; name = "Pods-TestFarrasTests.debug.xcconfig"; path = "Target Support Files/Pods-TestFarrasTests/Pods-TestFarrasTests.debug.xcconfig"; sourceTree = "<group>"; };
		2D7ADB49DC1FF8FA68E57AF3 /* Pods-TestFarras.release.xcconfig */ = {isa = PBXFileReference; includeInIndex = 1; lastKnownFileType = text.xcconfig; name = "Pods-TestFarras.release.xcconfig"; path = "Target Support Files/Pods-TestFarras/Pods-TestFarras.release.xcconfig"; sourceTree = "<group>"; };
		4048265DCAF0DCC9B58A4A5D /* Pods-TestFarras-TestFarrasUITests.release.xcconfig */ = {isa = PBXFileReference; includeInIndex = 1; lastKnownFileType = text.xcconfig; name = "Pods-TestFarras-TestFarrasUITests.release.xcconfig"; path = "Target Support Files/Pods-TestFarras-TestFarrasUITests/Pods-TestFarras-TestFarrasUITests.release.xcconfig"; sourceTree = "<group>"; };
		75F0946BB5D6E32C51817C54 /* Pods-TestFarrasTests.release.xcconfig */ = {isa = PBXFileReference; includeInIndex = 1; lastKnownFileType = text.xcconfig; name = "Pods-TestFarrasTests.release.xcconfig"; path = "Target Support Files/Pods-TestFarrasTests/Pods-TestFarrasTests.release.xcconfig"; sourceTree = "<group>"; };
		9D678EEC2E91A3FD7291502F /* Pods-TestFarras-TestFarrasUITests.debug.xcconfig */ = {isa = PBXFileReference; includeInIndex = 1; lastKnownFileType = text.xcconfig; name = "Pods-TestFarras-TestFarrasUITests.debug.xcconfig"; path = "Target Support Files/Pods-TestFarras-TestFarrasUITests/Pods-TestFarras-TestFarrasUITests.debug.xcconfig"; sourceTree = "<group>"; };
		A030900B2D09A6089DB600F3 /* Pods-TestFarras.debug.xcconfig */ = {isa = PBXFileReference; includeInIndex = 1; lastKnownFileType = text.xcconfig; name = "Pods-TestFarras.debug.xcconfig"; path = "Target Support Files/Pods-TestFarras/Pods-TestFarras.debug.xcconfig"; sourceTree = "<group>"; };
		E4DF73D4CB616689F47D2A50 /* Pods_TestFarras_TestFarrasUITests.framework */ = {isa = PBXFileReference; explicitFileType = wrapper.framework; includeInIndex = 0; path = Pods_TestFarras_TestFarrasUITests.framework; sourceTree = BUILT_PRODUCTS_DIR; };
		EDD76BEB2AB944FD007BA34E /* TestFarras.app */ = {isa = PBXFileReference; explicitFileType = wrapper.application; includeInIndex = 0; path = TestFarras.app; sourceTree = BUILT_PRODUCTS_DIR; };
		EDD76BEE2AB944FD007BA34E /* AppDelegate.swift */ = {isa = PBXFileReference; lastKnownFileType = sourcecode.swift; path = AppDelegate.swift; sourceTree = "<group>"; };
		EDD76BF02AB944FD007BA34E /* SceneDelegate.swift */ = {isa = PBXFileReference; lastKnownFileType = sourcecode.swift; path = SceneDelegate.swift; sourceTree = "<group>"; };
		EDD76BF22AB944FD007BA34E /* ViewController.swift */ = {isa = PBXFileReference; lastKnownFileType = sourcecode.swift; path = ViewController.swift; sourceTree = "<group>"; };
		EDD76BF52AB944FD007BA34E /* Base */ = {isa = PBXFileReference; lastKnownFileType = file.storyboard; name = Base; path = Base.lproj/Main.storyboard; sourceTree = "<group>"; };
		EDD76BF72AB944FF007BA34E /* Assets.xcassets */ = {isa = PBXFileReference; lastKnownFileType = folder.assetcatalog; path = Assets.xcassets; sourceTree = "<group>"; };
		EDD76BFA2AB944FF007BA34E /* Base */ = {isa = PBXFileReference; lastKnownFileType = file.storyboard; name = Base; path = Base.lproj/LaunchScreen.storyboard; sourceTree = "<group>"; };
		EDD76BFC2AB944FF007BA34E /* Info.plist */ = {isa = PBXFileReference; lastKnownFileType = text.plist.xml; path = Info.plist; sourceTree = "<group>"; };
		EDD76C012AB944FF007BA34E /* TestFarrasTests.xctest */ = {isa = PBXFileReference; explicitFileType = wrapper.cfbundle; includeInIndex = 0; path = TestFarrasTests.xctest; sourceTree = BUILT_PRODUCTS_DIR; };
		EDD76C052AB944FF007BA34E /* TestFarrasTests.swift */ = {isa = PBXFileReference; lastKnownFileType = sourcecode.swift; path = TestFarrasTests.swift; sourceTree = "<group>"; };
		EDD76C5C2AB983A7007BA34E /* HomeVC.swift */ = {isa = PBXFileReference; lastKnownFileType = sourcecode.swift; path = HomeVC.swift; sourceTree = "<group>"; };
		EDD76C642AB984A3007BA34E /* UIColor+Extensions.swift */ = {isa = PBXFileReference; lastKnownFileType = sourcecode.swift; path = "UIColor+Extensions.swift"; sourceTree = "<group>"; };
		EDD76C672AB98547007BA34E /* BNIStackView.swift */ = {isa = PBXFileReference; lastKnownFileType = sourcecode.swift; path = BNIStackView.swift; sourceTree = "<group>"; };
		EDD76C692AB98ABD007BA34E /* UIView+Extensions.swift */ = {isa = PBXFileReference; lastKnownFileType = sourcecode.swift; path = "UIView+Extensions.swift"; sourceTree = "<group>"; };
		EDD76C6B2AB98D30007BA34E /* BNILabel.swift */ = {isa = PBXFileReference; lastKnownFileType = sourcecode.swift; path = BNILabel.swift; sourceTree = "<group>"; };
		EDD76C6D2AB9932C007BA34E /* BNIImageView.swift */ = {isa = PBXFileReference; lastKnownFileType = sourcecode.swift; path = BNIImageView.swift; sourceTree = "<group>"; };
		EDD76C752AB99A0C007BA34E /* QRCodeScannerVC.swift */ = {isa = PBXFileReference; lastKnownFileType = sourcecode.swift; path = QRCodeScannerVC.swift; sourceTree = "<group>"; };
		EDD76C782AB9A3AB007BA34E /* PaymentConfirmationVC.swift */ = {isa = PBXFileReference; lastKnownFileType = sourcecode.swift; path = PaymentConfirmationVC.swift; sourceTree = "<group>"; };
		EDD76C7A2AB9B5EC007BA34E /* BNIButton.swift */ = {isa = PBXFileReference; lastKnownFileType = sourcecode.swift; path = BNIButton.swift; sourceTree = "<group>"; };
		EDD76C7C2AB9B8C8007BA34E /* Payment.swift */ = {isa = PBXFileReference; lastKnownFileType = sourcecode.swift; path = Payment.swift; sourceTree = "<group>"; };
		EDD76C7F2AB9D99B007BA34E /* UIAlertController+Extensions.swift */ = {isa = PBXFileReference; lastKnownFileType = sourcecode.swift; path = "UIAlertController+Extensions.swift"; sourceTree = "<group>"; };
		EDD76C822AB9DC26007BA34E /* BNIUserDefaultManager.swift */ = {isa = PBXFileReference; lastKnownFileType = sourcecode.swift; path = BNIUserDefaultManager.swift; sourceTree = "<group>"; };
		EDD76C842ABAA56C007BA34E /* Int+Extensions.swift */ = {isa = PBXFileReference; lastKnownFileType = sourcecode.swift; path = "Int+Extensions.swift"; sourceTree = "<group>"; };
		EDD76C882ABAA8E2007BA34E /* Notification.Name+Extensions.swift */ = {isa = PBXFileReference; lastKnownFileType = sourcecode.swift; path = "Notification.Name+Extensions.swift"; sourceTree = "<group>"; };
		EDD76C8B2ABAC21A007BA34E /* User.swift */ = {isa = PBXFileReference; lastKnownFileType = sourcecode.swift; path = User.swift; sourceTree = "<group>"; };
		EDD76C8D2ABAC303007BA34E /* RealmHelper.swift */ = {isa = PBXFileReference; lastKnownFileType = sourcecode.swift; path = RealmHelper.swift; sourceTree = "<group>"; };
		EDD76C8F2ABACFBA007BA34E /* Transaction.swift */ = {isa = PBXFileReference; lastKnownFileType = sourcecode.swift; path = Transaction.swift; sourceTree = "<group>"; };
		EDFCDF932ABCFA2E00C366C2 /* HomePresenter.swift */ = {isa = PBXFileReference; lastKnownFileType = sourcecode.swift; path = HomePresenter.swift; sourceTree = "<group>"; };
		EDFCDF952ABCFA5900C366C2 /* HomeInteractor.swift */ = {isa = PBXFileReference; lastKnownFileType = sourcecode.swift; path = HomeInteractor.swift; sourceTree = "<group>"; };
		EDFCDF972ABCFA9B00C366C2 /* HomeRouter.swift */ = {isa = PBXFileReference; lastKnownFileType = sourcecode.swift; path = HomeRouter.swift; sourceTree = "<group>"; };
		EDFCDF9E2ABD009900C366C2 /* QRCodeScannerPresenter.swift */ = {isa = PBXFileReference; lastKnownFileType = sourcecode.swift; path = QRCodeScannerPresenter.swift; sourceTree = "<group>"; };
		EDFCDFA02ABD00A800C366C2 /* QRCodeScannerInteractor.swift */ = {isa = PBXFileReference; lastKnownFileType = sourcecode.swift; path = QRCodeScannerInteractor.swift; sourceTree = "<group>"; };
		EDFCDFA22ABD00B100C366C2 /* QRCodeScannerRouter.swift */ = {isa = PBXFileReference; lastKnownFileType = sourcecode.swift; path = QRCodeScannerRouter.swift; sourceTree = "<group>"; };
		EDFCDFA92ABD085400C366C2 /* PaymentConfirmationPresenter.swift */ = {isa = PBXFileReference; lastKnownFileType = sourcecode.swift; path = PaymentConfirmationPresenter.swift; sourceTree = "<group>"; };
		EDFCDFAB2ABD086000C366C2 /* PaymentConfirmationInteractor.swift */ = {isa = PBXFileReference; lastKnownFileType = sourcecode.swift; path = PaymentConfirmationInteractor.swift; sourceTree = "<group>"; };
		EDFCDFAD2ABD086B00C366C2 /* PaymentConfirmationRouter.swift */ = {isa = PBXFileReference; lastKnownFileType = sourcecode.swift; path = PaymentConfirmationRouter.swift; sourceTree = "<group>"; };
		F04DE7F11CA92EEE72EDD62C /* Pods_TestFarrasTests.framework */ = {isa = PBXFileReference; explicitFileType = wrapper.framework; includeInIndex = 0; path = Pods_TestFarrasTests.framework; sourceTree = BUILT_PRODUCTS_DIR; };
		FA543685F4274B7559229B4C /* Pods_TestFarras.framework */ = {isa = PBXFileReference; explicitFileType = wrapper.framework; includeInIndex = 0; path = Pods_TestFarras.framework; sourceTree = BUILT_PRODUCTS_DIR; };
/* End PBXFileReference section */

/* Begin PBXFrameworksBuildPhase section */
		EDD76BE82AB944FD007BA34E /* Frameworks */ = {
			isa = PBXFrameworksBuildPhase;
			buildActionMask = 2147483647;
			files = (
				66BBC157FE758708325E25AF /* Pods_TestFarras.framework in Frameworks */,
			);
			runOnlyForDeploymentPostprocessing = 0;
		};
		EDD76BFE2AB944FF007BA34E /* Frameworks */ = {
			isa = PBXFrameworksBuildPhase;
			buildActionMask = 2147483647;
			files = (
				C3323BE94D22AE768431ABB2 /* Pods_TestFarrasTests.framework in Frameworks */,
			);
			runOnlyForDeploymentPostprocessing = 0;
		};
/* End PBXFrameworksBuildPhase section */

/* Begin PBXGroup section */
		09C12F4354D25018D5B09EA9 /* Frameworks */ = {
			isa = PBXGroup;
			children = (
				FA543685F4274B7559229B4C /* Pods_TestFarras.framework */,
				E4DF73D4CB616689F47D2A50 /* Pods_TestFarras_TestFarrasUITests.framework */,
				F04DE7F11CA92EEE72EDD62C /* Pods_TestFarrasTests.framework */,
			);
			name = Frameworks;
			sourceTree = "<group>";
		};
		0E7D98EC690ACBDEA63F6656 /* Pods */ = {
			isa = PBXGroup;
			children = (
				A030900B2D09A6089DB600F3 /* Pods-TestFarras.debug.xcconfig */,
				2D7ADB49DC1FF8FA68E57AF3 /* Pods-TestFarras.release.xcconfig */,
				9D678EEC2E91A3FD7291502F /* Pods-TestFarras-TestFarrasUITests.debug.xcconfig */,
				4048265DCAF0DCC9B58A4A5D /* Pods-TestFarras-TestFarrasUITests.release.xcconfig */,
				29D379F456E41C5ADEE6BF43 /* Pods-TestFarrasTests.debug.xcconfig */,
				75F0946BB5D6E32C51817C54 /* Pods-TestFarrasTests.release.xcconfig */,
			);
			path = Pods;
			sourceTree = "<group>";
		};
		EDD76BE22AB944FD007BA34E = {
			isa = PBXGroup;
			children = (
				EDD76BED2AB944FD007BA34E /* TestFarras */,
				EDD76C042AB944FF007BA34E /* TestFarrasTests */,
				EDD76BEC2AB944FD007BA34E /* Products */,
				0E7D98EC690ACBDEA63F6656 /* Pods */,
				09C12F4354D25018D5B09EA9 /* Frameworks */,
			);
			sourceTree = "<group>";
		};
		EDD76BEC2AB944FD007BA34E /* Products */ = {
			isa = PBXGroup;
			children = (
				EDD76BEB2AB944FD007BA34E /* TestFarras.app */,
				EDD76C012AB944FF007BA34E /* TestFarrasTests.xctest */,
			);
			name = Products;
			sourceTree = "<group>";
		};
		EDD76BED2AB944FD007BA34E /* TestFarras */ = {
			isa = PBXGroup;
			children = (
				EDD76C8A2ABAC210007BA34E /* Realm */,
				EDD76C812AB9DC0F007BA34E /* Helpers */,
				EDD76C662AB98534007BA34E /* ReusableViews */,
				EDD76C632AB98496007BA34E /* Extensions */,
				EDD76C772AB9A38F007BA34E /* PaymentConfirmationVC */,
				EDD76C742AB999F6007BA34E /* QR */,
				EDD76C732AB999CE007BA34E /* HomeVC */,
				EDD76BEE2AB944FD007BA34E /* AppDelegate.swift */,
				EDD76BF02AB944FD007BA34E /* SceneDelegate.swift */,
				EDD76BF22AB944FD007BA34E /* ViewController.swift */,
				EDD76BF42AB944FD007BA34E /* Main.storyboard */,
				EDD76BF72AB944FF007BA34E /* Assets.xcassets */,
				EDD76BF92AB944FF007BA34E /* LaunchScreen.storyboard */,
				EDD76BFC2AB944FF007BA34E /* Info.plist */,
			);
			path = TestFarras;
			sourceTree = "<group>";
		};
		EDD76C042AB944FF007BA34E /* TestFarrasTests */ = {
			isa = PBXGroup;
			children = (
				EDD76C052AB944FF007BA34E /* TestFarrasTests.swift */,
			);
			path = TestFarrasTests;
			sourceTree = "<group>";
		};
		EDD76C632AB98496007BA34E /* Extensions */ = {
			isa = PBXGroup;
			children = (
				EDD76C642AB984A3007BA34E /* UIColor+Extensions.swift */,
				EDD76C692AB98ABD007BA34E /* UIView+Extensions.swift */,
				EDD76C7F2AB9D99B007BA34E /* UIAlertController+Extensions.swift */,
				EDD76C842ABAA56C007BA34E /* Int+Extensions.swift */,
				EDD76C882ABAA8E2007BA34E /* Notification.Name+Extensions.swift */,
			);
			path = Extensions;
			sourceTree = "<group>";
		};
		EDD76C662AB98534007BA34E /* ReusableViews */ = {
			isa = PBXGroup;
			children = (
				EDD76C672AB98547007BA34E /* BNIStackView.swift */,
				EDD76C6B2AB98D30007BA34E /* BNILabel.swift */,
				EDD76C6D2AB9932C007BA34E /* BNIImageView.swift */,
				EDD76C7A2AB9B5EC007BA34E /* BNIButton.swift */,
			);
			path = ReusableViews;
			sourceTree = "<group>";
		};
		EDD76C732AB999CE007BA34E /* HomeVC */ = {
			isa = PBXGroup;
			children = (
				EDFCDF922ABCF9B300C366C2 /* Router */,
				EDFCDF912ABCF9AC00C366C2 /* Entity */,
				EDFCDF902ABCF9A500C366C2 /* Presenter */,
				EDFCDF8F2ABCF99F00C366C2 /* Interactor */,
				EDFCDF8E2ABCF99900C366C2 /* View */,
			);
			path = HomeVC;
			sourceTree = "<group>";
		};
		EDD76C742AB999F6007BA34E /* QR */ = {
			isa = PBXGroup;
			children = (
				EDFCDF9D2ABD000700C366C2 /* Router */,
				EDFCDF9C2ABD000100C366C2 /* Entity */,
				EDFCDF9B2ABCFFF700C366C2 /* Presenter */,
				EDFCDF9A2ABCFFF200C366C2 /* Interactor */,
				EDFCDF992ABCFFE400C366C2 /* View */,
			);
			path = QR;
			sourceTree = "<group>";
		};
		EDD76C772AB9A38F007BA34E /* PaymentConfirmationVC */ = {
			isa = PBXGroup;
			children = (
				EDFCDFA82ABD07CC00C366C2 /* Router */,
				EDFCDFA72ABD07C700C366C2 /* Entity */,
				EDFCDFA62ABD07C100C366C2 /* Presenter */,
				EDFCDFA52ABD07BC00C366C2 /* Interactor */,
				EDFCDFA42ABD07B700C366C2 /* View */,
			);
			path = PaymentConfirmationVC;
			sourceTree = "<group>";
		};
		EDD76C812AB9DC0F007BA34E /* Helpers */ = {
			isa = PBXGroup;
			children = (
				EDD76C822AB9DC26007BA34E /* BNIUserDefaultManager.swift */,
			);
			path = Helpers;
			sourceTree = "<group>";
		};
		EDD76C8A2ABAC210007BA34E /* Realm */ = {
			isa = PBXGroup;
			children = (
				EDD76C8B2ABAC21A007BA34E /* User.swift */,
				EDD76C8D2ABAC303007BA34E /* RealmHelper.swift */,
				EDD76C8F2ABACFBA007BA34E /* Transaction.swift */,
			);
			path = Realm;
			sourceTree = "<group>";
		};
		EDFCDF8E2ABCF99900C366C2 /* View */ = {
			isa = PBXGroup;
			children = (
				EDD76C5C2AB983A7007BA34E /* HomeVC.swift */,
			);
			path = View;
			sourceTree = "<group>";
		};
		EDFCDF8F2ABCF99F00C366C2 /* Interactor */ = {
			isa = PBXGroup;
			children = (
				EDFCDF952ABCFA5900C366C2 /* HomeInteractor.swift */,
			);
			path = Interactor;
			sourceTree = "<group>";
		};
		EDFCDF902ABCF9A500C366C2 /* Presenter */ = {
			isa = PBXGroup;
			children = (
				EDFCDF932ABCFA2E00C366C2 /* HomePresenter.swift */,
			);
			path = Presenter;
			sourceTree = "<group>";
		};
		EDFCDF912ABCF9AC00C366C2 /* Entity */ = {
			isa = PBXGroup;
			children = (
			);
			path = Entity;
			sourceTree = "<group>";
		};
		EDFCDF922ABCF9B300C366C2 /* Router */ = {
			isa = PBXGroup;
			children = (
				EDFCDF972ABCFA9B00C366C2 /* HomeRouter.swift */,
			);
			path = Router;
			sourceTree = "<group>";
		};
		EDFCDF992ABCFFE400C366C2 /* View */ = {
			isa = PBXGroup;
			children = (
				EDD76C752AB99A0C007BA34E /* QRCodeScannerVC.swift */,
			);
			path = View;
			sourceTree = "<group>";
		};
		EDFCDF9A2ABCFFF200C366C2 /* Interactor */ = {
			isa = PBXGroup;
			children = (
				EDFCDFA02ABD00A800C366C2 /* QRCodeScannerInteractor.swift */,
			);
			path = Interactor;
			sourceTree = "<group>";
		};
		EDFCDF9B2ABCFFF700C366C2 /* Presenter */ = {
			isa = PBXGroup;
			children = (
				EDFCDF9E2ABD009900C366C2 /* QRCodeScannerPresenter.swift */,
			);
			path = Presenter;
			sourceTree = "<group>";
		};
		EDFCDF9C2ABD000100C366C2 /* Entity */ = {
			isa = PBXGroup;
			children = (
			);
			path = Entity;
			sourceTree = "<group>";
		};
		EDFCDF9D2ABD000700C366C2 /* Router */ = {
			isa = PBXGroup;
			children = (
				EDFCDFA22ABD00B100C366C2 /* QRCodeScannerRouter.swift */,
			);
			path = Router;
			sourceTree = "<group>";
		};
		EDFCDFA42ABD07B700C366C2 /* View */ = {
			isa = PBXGroup;
			children = (
				EDD76C782AB9A3AB007BA34E /* PaymentConfirmationVC.swift */,
			);
			path = View;
			sourceTree = "<group>";
		};
		EDFCDFA52ABD07BC00C366C2 /* Interactor */ = {
			isa = PBXGroup;
			children = (
				EDFCDFAB2ABD086000C366C2 /* PaymentConfirmationInteractor.swift */,
			);
			path = Interactor;
			sourceTree = "<group>";
		};
		EDFCDFA62ABD07C100C366C2 /* Presenter */ = {
			isa = PBXGroup;
			children = (
				EDFCDFA92ABD085400C366C2 /* PaymentConfirmationPresenter.swift */,
			);
			path = Presenter;
			sourceTree = "<group>";
		};
		EDFCDFA72ABD07C700C366C2 /* Entity */ = {
			isa = PBXGroup;
			children = (
				EDD76C7C2AB9B8C8007BA34E /* Payment.swift */,
			);
			path = Entity;
			sourceTree = "<group>";
		};
		EDFCDFA82ABD07CC00C366C2 /* Router */ = {
			isa = PBXGroup;
			children = (
				EDFCDFAD2ABD086B00C366C2 /* PaymentConfirmationRouter.swift */,
			);
			path = Router;
			sourceTree = "<group>";
		};
/* End PBXGroup section */

/* Begin PBXNativeTarget section */
		EDD76BEA2AB944FD007BA34E /* TestFarras */ = {
			isa = PBXNativeTarget;
			buildConfigurationList = EDD76C152AB944FF007BA34E /* Build configuration list for PBXNativeTarget "TestFarras" */;
			buildPhases = (
				54117BEA458A6CED68E074A7 /* [CP] Check Pods Manifest.lock */,
				EDD76BE72AB944FD007BA34E /* Sources */,
				EDD76BE82AB944FD007BA34E /* Frameworks */,
				EDD76BE92AB944FD007BA34E /* Resources */,
				75355998C850B3E4D25E558B /* [CP] Embed Pods Frameworks */,
			);
			buildRules = (
			);
			dependencies = (
			);
			name = TestFarras;
			productName = TestFarras;
			productReference = EDD76BEB2AB944FD007BA34E /* TestFarras.app */;
			productType = "com.apple.product-type.application";
		};
		EDD76C002AB944FF007BA34E /* TestFarrasTests */ = {
			isa = PBXNativeTarget;
			buildConfigurationList = EDD76C182AB944FF007BA34E /* Build configuration list for PBXNativeTarget "TestFarrasTests" */;
			buildPhases = (
				85CAE8A25F1B0FD46F5BB36E /* [CP] Check Pods Manifest.lock */,
				EDD76BFD2AB944FF007BA34E /* Sources */,
				EDD76BFE2AB944FF007BA34E /* Frameworks */,
				EDD76BFF2AB944FF007BA34E /* Resources */,
			);
			buildRules = (
			);
			dependencies = (
				EDD76C032AB944FF007BA34E /* PBXTargetDependency */,
			);
			name = TestFarrasTests;
			productName = TestFarrasTests;
			productReference = EDD76C012AB944FF007BA34E /* TestFarrasTests.xctest */;
			productType = "com.apple.product-type.bundle.unit-test";
		};
/* End PBXNativeTarget section */

/* Begin PBXProject section */
		EDD76BE32AB944FD007BA34E /* Project object */ = {
			isa = PBXProject;
			attributes = {
				BuildIndependentTargetsInParallel = 1;
				LastSwiftUpdateCheck = 1430;
				LastUpgradeCheck = 1430;
				TargetAttributes = {
					EDD76BEA2AB944FD007BA34E = {
						CreatedOnToolsVersion = 14.3.1;
					};
					EDD76C002AB944FF007BA34E = {
						CreatedOnToolsVersion = 14.3.1;
						TestTargetID = EDD76BEA2AB944FD007BA34E;
					};
				};
			};
			buildConfigurationList = EDD76BE62AB944FD007BA34E /* Build configuration list for PBXProject "TestFarras" */;
			compatibilityVersion = "Xcode 14.0";
			developmentRegion = en;
			hasScannedForEncodings = 0;
			knownRegions = (
				en,
				Base,
			);
			mainGroup = EDD76BE22AB944FD007BA34E;
			productRefGroup = EDD76BEC2AB944FD007BA34E /* Products */;
			projectDirPath = "";
			projectRoot = "";
			targets = (
				EDD76BEA2AB944FD007BA34E /* TestFarras */,
				EDD76C002AB944FF007BA34E /* TestFarrasTests */,
			);
		};
/* End PBXProject section */

/* Begin PBXResourcesBuildPhase section */
		EDD76BE92AB944FD007BA34E /* Resources */ = {
			isa = PBXResourcesBuildPhase;
			buildActionMask = 2147483647;
			files = (
				EDD76BFB2AB944FF007BA34E /* LaunchScreen.storyboard in Resources */,
				EDD76BF82AB944FF007BA34E /* Assets.xcassets in Resources */,
				EDD76BF62AB944FD007BA34E /* Main.storyboard in Resources */,
			);
			runOnlyForDeploymentPostprocessing = 0;
		};
		EDD76BFF2AB944FF007BA34E /* Resources */ = {
			isa = PBXResourcesBuildPhase;
			buildActionMask = 2147483647;
			files = (
			);
			runOnlyForDeploymentPostprocessing = 0;
		};
/* End PBXResourcesBuildPhase section */

/* Begin PBXShellScriptBuildPhase section */
		54117BEA458A6CED68E074A7 /* [CP] Check Pods Manifest.lock */ = {
			isa = PBXShellScriptBuildPhase;
			buildActionMask = 2147483647;
			files = (
			);
			inputFileListPaths = (
			);
			inputPaths = (
				"${PODS_PODFILE_DIR_PATH}/Podfile.lock",
				"${PODS_ROOT}/Manifest.lock",
			);
			name = "[CP] Check Pods Manifest.lock";
			outputFileListPaths = (
			);
			outputPaths = (
				"$(DERIVED_FILE_DIR)/Pods-TestFarras-checkManifestLockResult.txt",
			);
			runOnlyForDeploymentPostprocessing = 0;
			shellPath = /bin/sh;
			shellScript = "diff \"${PODS_PODFILE_DIR_PATH}/Podfile.lock\" \"${PODS_ROOT}/Manifest.lock\" > /dev/null\nif [ $? != 0 ] ; then\n    # print error to STDERR\n    echo \"error: The sandbox is not in sync with the Podfile.lock. Run 'pod install' or update your CocoaPods installation.\" >&2\n    exit 1\nfi\n# This output is used by Xcode 'outputs' to avoid re-running this script phase.\necho \"SUCCESS\" > \"${SCRIPT_OUTPUT_FILE_0}\"\n";
			showEnvVarsInLog = 0;
		};
		75355998C850B3E4D25E558B /* [CP] Embed Pods Frameworks */ = {
			isa = PBXShellScriptBuildPhase;
			buildActionMask = 2147483647;
			files = (
			);
			inputFileListPaths = (
				"${PODS_ROOT}/Target Support Files/Pods-TestFarras/Pods-TestFarras-frameworks-${CONFIGURATION}-input-files.xcfilelist",
			);
			name = "[CP] Embed Pods Frameworks";
			outputFileListPaths = (
				"${PODS_ROOT}/Target Support Files/Pods-TestFarras/Pods-TestFarras-frameworks-${CONFIGURATION}-output-files.xcfilelist",
			);
			runOnlyForDeploymentPostprocessing = 0;
			shellPath = /bin/sh;
			shellScript = "\"${PODS_ROOT}/Target Support Files/Pods-TestFarras/Pods-TestFarras-frameworks.sh\"\n";
			showEnvVarsInLog = 0;
		};
		85CAE8A25F1B0FD46F5BB36E /* [CP] Check Pods Manifest.lock */ = {
			isa = PBXShellScriptBuildPhase;
			buildActionMask = 2147483647;
			files = (
			);
			inputFileListPaths = (
			);
			inputPaths = (
				"${PODS_PODFILE_DIR_PATH}/Podfile.lock",
				"${PODS_ROOT}/Manifest.lock",
			);
			name = "[CP] Check Pods Manifest.lock";
			outputFileListPaths = (
			);
			outputPaths = (
				"$(DERIVED_FILE_DIR)/Pods-TestFarrasTests-checkManifestLockResult.txt",
			);
			runOnlyForDeploymentPostprocessing = 0;
			shellPath = /bin/sh;
			shellScript = "diff \"${PODS_PODFILE_DIR_PATH}/Podfile.lock\" \"${PODS_ROOT}/Manifest.lock\" > /dev/null\nif [ $? != 0 ] ; then\n    # print error to STDERR\n    echo \"error: The sandbox is not in sync with the Podfile.lock. Run 'pod install' or update your CocoaPods installation.\" >&2\n    exit 1\nfi\n# This output is used by Xcode 'outputs' to avoid re-running this script phase.\necho \"SUCCESS\" > \"${SCRIPT_OUTPUT_FILE_0}\"\n";
			showEnvVarsInLog = 0;
		};
/* End PBXShellScriptBuildPhase section */

/* Begin PBXSourcesBuildPhase section */
		EDD76BE72AB944FD007BA34E /* Sources */ = {
			isa = PBXSourcesBuildPhase;
			buildActionMask = 2147483647;
			files = (
				EDFCDF942ABCFA2E00C366C2 /* HomePresenter.swift in Sources */,
				EDFCDFA32ABD00B100C366C2 /* QRCodeScannerRouter.swift in Sources */,
				EDFCDF962ABCFA5900C366C2 /* HomeInteractor.swift in Sources */,
				EDD76BF32AB944FD007BA34E /* ViewController.swift in Sources */,
				EDFCDFAC2ABD086000C366C2 /* PaymentConfirmationInteractor.swift in Sources */,
				EDD76C5D2AB983A7007BA34E /* HomeVC.swift in Sources */,
				EDD76C6A2AB98ABD007BA34E /* UIView+Extensions.swift in Sources */,
				EDD76C6E2AB9932C007BA34E /* BNIImageView.swift in Sources */,
				EDD76C802AB9D99B007BA34E /* UIAlertController+Extensions.swift in Sources */,
				EDD76C892ABAA8E2007BA34E /* Notification.Name+Extensions.swift in Sources */,
				EDD76C852ABAA56C007BA34E /* Int+Extensions.swift in Sources */,
				EDD76C6C2AB98D30007BA34E /* BNILabel.swift in Sources */,
				EDFCDFAE2ABD086B00C366C2 /* PaymentConfirmationRouter.swift in Sources */,
				EDD76C652AB984A3007BA34E /* UIColor+Extensions.swift in Sources */,
				EDFCDF982ABCFA9B00C366C2 /* HomeRouter.swift in Sources */,
				EDD76C832AB9DC26007BA34E /* BNIUserDefaultManager.swift in Sources */,
				EDD76C8C2ABAC21A007BA34E /* User.swift in Sources */,
				EDD76BEF2AB944FD007BA34E /* AppDelegate.swift in Sources */,
				EDD76C7B2AB9B5EC007BA34E /* BNIButton.swift in Sources */,
				EDFCDFAA2ABD085400C366C2 /* PaymentConfirmationPresenter.swift in Sources */,
				EDD76C8E2ABAC303007BA34E /* RealmHelper.swift in Sources */,
				EDD76C902ABACFBA007BA34E /* Transaction.swift in Sources */,
				EDD76C7D2AB9B8C8007BA34E /* Payment.swift in Sources */,
				EDD76C762AB99A0C007BA34E /* QRCodeScannerVC.swift in Sources */,
				EDD76BF12AB944FD007BA34E /* SceneDelegate.swift in Sources */,
				EDFCDFA12ABD00A800C366C2 /* QRCodeScannerInteractor.swift in Sources */,
				EDD76C792AB9A3AB007BA34E /* PaymentConfirmationVC.swift in Sources */,
				EDD76C682AB98547007BA34E /* BNIStackView.swift in Sources */,
				EDFCDF9F2ABD009900C366C2 /* QRCodeScannerPresenter.swift in Sources */,
			);
			runOnlyForDeploymentPostprocessing = 0;
		};
		EDD76BFD2AB944FF007BA34E /* Sources */ = {
			isa = PBXSourcesBuildPhase;
			buildActionMask = 2147483647;
			files = (
				EDD76C062AB944FF007BA34E /* TestFarrasTests.swift in Sources */,
			);
			runOnlyForDeploymentPostprocessing = 0;
		};
/* End PBXSourcesBuildPhase section */

/* Begin PBXTargetDependency section */
		EDD76C032AB944FF007BA34E /* PBXTargetDependency */ = {
			isa = PBXTargetDependency;
			target = EDD76BEA2AB944FD007BA34E /* TestFarras */;
			targetProxy = EDD76C022AB944FF007BA34E /* PBXContainerItemProxy */;
		};
/* End PBXTargetDependency section */

/* Begin PBXVariantGroup section */
		EDD76BF42AB944FD007BA34E /* Main.storyboard */ = {
			isa = PBXVariantGroup;
			children = (
				EDD76BF52AB944FD007BA34E /* Base */,
			);
			name = Main.storyboard;
			sourceTree = "<group>";
		};
		EDD76BF92AB944FF007BA34E /* LaunchScreen.storyboard */ = {
			isa = PBXVariantGroup;
			children = (
				EDD76BFA2AB944FF007BA34E /* Base */,
			);
			name = LaunchScreen.storyboard;
			sourceTree = "<group>";
		};
/* End PBXVariantGroup section */

/* Begin XCBuildConfiguration section */
		EDD76C132AB944FF007BA34E /* Debug */ = {
			isa = XCBuildConfiguration;
			buildSettings = {
				ALWAYS_SEARCH_USER_PATHS = NO;
				CLANG_ANALYZER_NONNULL = YES;
				CLANG_ANALYZER_NUMBER_OBJECT_CONVERSION = YES_AGGRESSIVE;
				CLANG_CXX_LANGUAGE_STANDARD = "gnu++20";
				CLANG_ENABLE_MODULES = YES;
				CLANG_ENABLE_OBJC_ARC = YES;
				CLANG_ENABLE_OBJC_WEAK = YES;
				CLANG_WARN_BLOCK_CAPTURE_AUTORELEASING = YES;
				CLANG_WARN_BOOL_CONVERSION = YES;
				CLANG_WARN_COMMA = YES;
				CLANG_WARN_CONSTANT_CONVERSION = YES;
				CLANG_WARN_DEPRECATED_OBJC_IMPLEMENTATIONS = YES;
				CLANG_WARN_DIRECT_OBJC_ISA_USAGE = YES_ERROR;
				CLANG_WARN_DOCUMENTATION_COMMENTS = YES;
				CLANG_WARN_EMPTY_BODY = YES;
				CLANG_WARN_ENUM_CONVERSION = YES;
				CLANG_WARN_INFINITE_RECURSION = YES;
				CLANG_WARN_INT_CONVERSION = YES;
				CLANG_WARN_NON_LITERAL_NULL_CONVERSION = YES;
				CLANG_WARN_OBJC_IMPLICIT_RETAIN_SELF = YES;
				CLANG_WARN_OBJC_LITERAL_CONVERSION = YES;
				CLANG_WARN_OBJC_ROOT_CLASS = YES_ERROR;
				CLANG_WARN_QUOTED_INCLUDE_IN_FRAMEWORK_HEADER = YES;
				CLANG_WARN_RANGE_LOOP_ANALYSIS = YES;
				CLANG_WARN_STRICT_PROTOTYPES = YES;
				CLANG_WARN_SUSPICIOUS_MOVE = YES;
				CLANG_WARN_UNGUARDED_AVAILABILITY = YES_AGGRESSIVE;
				CLANG_WARN_UNREACHABLE_CODE = YES;
				CLANG_WARN__DUPLICATE_METHOD_MATCH = YES;
				COPY_PHASE_STRIP = NO;
				DEBUG_INFORMATION_FORMAT = dwarf;
				ENABLE_STRICT_OBJC_MSGSEND = YES;
				ENABLE_TESTABILITY = YES;
				GCC_C_LANGUAGE_STANDARD = gnu11;
				GCC_DYNAMIC_NO_PIC = NO;
				GCC_NO_COMMON_BLOCKS = YES;
				GCC_OPTIMIZATION_LEVEL = 0;
				GCC_PREPROCESSOR_DEFINITIONS = (
					"DEBUG=1",
					"$(inherited)",
				);
				GCC_WARN_64_TO_32_BIT_CONVERSION = YES;
				GCC_WARN_ABOUT_RETURN_TYPE = YES_ERROR;
				GCC_WARN_UNDECLARED_SELECTOR = YES;
				GCC_WARN_UNINITIALIZED_AUTOS = YES_AGGRESSIVE;
				GCC_WARN_UNUSED_FUNCTION = YES;
				GCC_WARN_UNUSED_VARIABLE = YES;
				IPHONEOS_DEPLOYMENT_TARGET = 16.4;
				MTL_ENABLE_DEBUG_INFO = INCLUDE_SOURCE;
				MTL_FAST_MATH = YES;
				ONLY_ACTIVE_ARCH = YES;
				SDKROOT = iphoneos;
				SWIFT_ACTIVE_COMPILATION_CONDITIONS = DEBUG;
				SWIFT_OPTIMIZATION_LEVEL = "-Onone";
			};
			name = Debug;
		};
		EDD76C142AB944FF007BA34E /* Release */ = {
			isa = XCBuildConfiguration;
			buildSettings = {
				ALWAYS_SEARCH_USER_PATHS = NO;
				CLANG_ANALYZER_NONNULL = YES;
				CLANG_ANALYZER_NUMBER_OBJECT_CONVERSION = YES_AGGRESSIVE;
				CLANG_CXX_LANGUAGE_STANDARD = "gnu++20";
				CLANG_ENABLE_MODULES = YES;
				CLANG_ENABLE_OBJC_ARC = YES;
				CLANG_ENABLE_OBJC_WEAK = YES;
				CLANG_WARN_BLOCK_CAPTURE_AUTORELEASING = YES;
				CLANG_WARN_BOOL_CONVERSION = YES;
				CLANG_WARN_COMMA = YES;
				CLANG_WARN_CONSTANT_CONVERSION = YES;
				CLANG_WARN_DEPRECATED_OBJC_IMPLEMENTATIONS = YES;
				CLANG_WARN_DIRECT_OBJC_ISA_USAGE = YES_ERROR;
				CLANG_WARN_DOCUMENTATION_COMMENTS = YES;
				CLANG_WARN_EMPTY_BODY = YES;
				CLANG_WARN_ENUM_CONVERSION = YES;
				CLANG_WARN_INFINITE_RECURSION = YES;
				CLANG_WARN_INT_CONVERSION = YES;
				CLANG_WARN_NON_LITERAL_NULL_CONVERSION = YES;
				CLANG_WARN_OBJC_IMPLICIT_RETAIN_SELF = YES;
				CLANG_WARN_OBJC_LITERAL_CONVERSION = YES;
				CLANG_WARN_OBJC_ROOT_CLASS = YES_ERROR;
				CLANG_WARN_QUOTED_INCLUDE_IN_FRAMEWORK_HEADER = YES;
				CLANG_WARN_RANGE_LOOP_ANALYSIS = YES;
				CLANG_WARN_STRICT_PROTOTYPES = YES;
				CLANG_WARN_SUSPICIOUS_MOVE = YES;
				CLANG_WARN_UNGUARDED_AVAILABILITY = YES_AGGRESSIVE;
				CLANG_WARN_UNREACHABLE_CODE = YES;
				CLANG_WARN__DUPLICATE_METHOD_MATCH = YES;
				COPY_PHASE_STRIP = NO;
				DEBUG_INFORMATION_FORMAT = "dwarf-with-dsym";
				ENABLE_NS_ASSERTIONS = NO;
				ENABLE_STRICT_OBJC_MSGSEND = YES;
				GCC_C_LANGUAGE_STANDARD = gnu11;
				GCC_NO_COMMON_BLOCKS = YES;
				GCC_WARN_64_TO_32_BIT_CONVERSION = YES;
				GCC_WARN_ABOUT_RETURN_TYPE = YES_ERROR;
				GCC_WARN_UNDECLARED_SELECTOR = YES;
				GCC_WARN_UNINITIALIZED_AUTOS = YES_AGGRESSIVE;
				GCC_WARN_UNUSED_FUNCTION = YES;
				GCC_WARN_UNUSED_VARIABLE = YES;
				IPHONEOS_DEPLOYMENT_TARGET = 16.4;
				MTL_ENABLE_DEBUG_INFO = NO;
				MTL_FAST_MATH = YES;
				SDKROOT = iphoneos;
				SWIFT_COMPILATION_MODE = wholemodule;
				SWIFT_OPTIMIZATION_LEVEL = "-O";
				VALIDATE_PRODUCT = YES;
			};
			name = Release;
		};
		EDD76C162AB944FF007BA34E /* Debug */ = {
			isa = XCBuildConfiguration;
			baseConfigurationReference = A030900B2D09A6089DB600F3 /* Pods-TestFarras.debug.xcconfig */;
			buildSettings = {
				ASSETCATALOG_COMPILER_APPICON_NAME = AppIcon;
				ASSETCATALOG_COMPILER_GLOBAL_ACCENT_COLOR_NAME = AccentColor;
				CODE_SIGN_STYLE = Automatic;
				CURRENT_PROJECT_VERSION = 1;
				DEVELOPMENT_TEAM = 8NCFZ4PR92;
				GENERATE_INFOPLIST_FILE = YES;
				INFOPLIST_FILE = TestFarras/Info.plist;
				INFOPLIST_KEY_UIApplicationSupportsIndirectInputEvents = YES;
				INFOPLIST_KEY_UILaunchStoryboardName = LaunchScreen;
				INFOPLIST_KEY_UIMainStoryboardFile = Main;
				INFOPLIST_KEY_UISupportedInterfaceOrientations_iPad = "UIInterfaceOrientationPortrait UIInterfaceOrientationPortraitUpsideDown UIInterfaceOrientationLandscapeLeft UIInterfaceOrientationLandscapeRight";
				INFOPLIST_KEY_UISupportedInterfaceOrientations_iPhone = "UIInterfaceOrientationPortrait UIInterfaceOrientationLandscapeLeft UIInterfaceOrientationLandscapeRight";
				LD_RUNPATH_SEARCH_PATHS = (
					"$(inherited)",
					"@executable_path/Frameworks",
				);
				MARKETING_VERSION = 1.0;
				PRODUCT_BUNDLE_IDENTIFIER = com.farras.TestFarras;
				PRODUCT_NAME = "$(TARGET_NAME)";
				SWIFT_EMIT_LOC_STRINGS = YES;
				SWIFT_VERSION = 5.0;
				TARGETED_DEVICE_FAMILY = "1,2";
			};
			name = Debug;
		};
		EDD76C172AB944FF007BA34E /* Release */ = {
			isa = XCBuildConfiguration;
			baseConfigurationReference = 2D7ADB49DC1FF8FA68E57AF3 /* Pods-TestFarras.release.xcconfig */;
			buildSettings = {
				ASSETCATALOG_COMPILER_APPICON_NAME = AppIcon;
				ASSETCATALOG_COMPILER_GLOBAL_ACCENT_COLOR_NAME = AccentColor;
				CODE_SIGN_STYLE = Automatic;
				CURRENT_PROJECT_VERSION = 1;
				DEVELOPMENT_TEAM = 8NCFZ4PR92;
				GENERATE_INFOPLIST_FILE = YES;
				INFOPLIST_FILE = TestFarras/Info.plist;
				INFOPLIST_KEY_UIApplicationSupportsIndirectInputEvents = YES;
				INFOPLIST_KEY_UILaunchStoryboardName = LaunchScreen;
				INFOPLIST_KEY_UIMainStoryboardFile = Main;
				INFOPLIST_KEY_UISupportedInterfaceOrientations_iPad = "UIInterfaceOrientationPortrait UIInterfaceOrientationPortraitUpsideDown UIInterfaceOrientationLandscapeLeft UIInterfaceOrientationLandscapeRight";
				INFOPLIST_KEY_UISupportedInterfaceOrientations_iPhone = "UIInterfaceOrientationPortrait UIInterfaceOrientationLandscapeLeft UIInterfaceOrientationLandscapeRight";
				LD_RUNPATH_SEARCH_PATHS = (
					"$(inherited)",
					"@executable_path/Frameworks",
				);
				MARKETING_VERSION = 1.0;
				PRODUCT_BUNDLE_IDENTIFIER = com.farras.TestFarras;
				PRODUCT_NAME = "$(TARGET_NAME)";
				SWIFT_EMIT_LOC_STRINGS = YES;
				SWIFT_VERSION = 5.0;
				TARGETED_DEVICE_FAMILY = "1,2";
			};
			name = Release;
		};
		EDD76C192AB944FF007BA34E /* Debug */ = {
			isa = XCBuildConfiguration;
			baseConfigurationReference = 29D379F456E41C5ADEE6BF43 /* Pods-TestFarrasTests.debug.xcconfig */;
			buildSettings = {
				ALWAYS_EMBED_SWIFT_STANDARD_LIBRARIES = YES;
				BUNDLE_LOADER = "$(TEST_HOST)";
				CODE_SIGN_STYLE = Automatic;
				CURRENT_PROJECT_VERSION = 1;
				GENERATE_INFOPLIST_FILE = YES;
				IPHONEOS_DEPLOYMENT_TARGET = 16.4;
				MARKETING_VERSION = 1.0;
				PRODUCT_BUNDLE_IDENTIFIER = com.farras.TestFarrasTests;
				PRODUCT_NAME = "$(TARGET_NAME)";
				SWIFT_EMIT_LOC_STRINGS = NO;
				SWIFT_VERSION = 5.0;
				TARGETED_DEVICE_FAMILY = "1,2";
				TEST_HOST = "$(BUILT_PRODUCTS_DIR)/TestFarras.app/$(BUNDLE_EXECUTABLE_FOLDER_PATH)/TestFarras";
			};
			name = Debug;
		};
		EDD76C1A2AB944FF007BA34E /* Release */ = {
			isa = XCBuildConfiguration;
			baseConfigurationReference = 75F0946BB5D6E32C51817C54 /* Pods-TestFarrasTests.release.xcconfig */;
			buildSettings = {
				ALWAYS_EMBED_SWIFT_STANDARD_LIBRARIES = YES;
				BUNDLE_LOADER = "$(TEST_HOST)";
				CODE_SIGN_STYLE = Automatic;
				CURRENT_PROJECT_VERSION = 1;
				GENERATE_INFOPLIST_FILE = YES;
				IPHONEOS_DEPLOYMENT_TARGET = 16.4;
				MARKETING_VERSION = 1.0;
				PRODUCT_BUNDLE_IDENTIFIER = com.farras.TestFarrasTests;
				PRODUCT_NAME = "$(TARGET_NAME)";
				SWIFT_EMIT_LOC_STRINGS = NO;
				SWIFT_VERSION = 5.0;
				TARGETED_DEVICE_FAMILY = "1,2";
				TEST_HOST = "$(BUILT_PRODUCTS_DIR)/TestFarras.app/$(BUNDLE_EXECUTABLE_FOLDER_PATH)/TestFarras";
			};
			name = Release;
		};
/* End XCBuildConfiguration section */

/* Begin XCConfigurationList section */
		EDD76BE62AB944FD007BA34E /* Build configuration list for PBXProject "TestFarras" */ = {
			isa = XCConfigurationList;
			buildConfigurations = (
				EDD76C132AB944FF007BA34E /* Debug */,
				EDD76C142AB944FF007BA34E /* Release */,
			);
			defaultConfigurationIsVisible = 0;
			defaultConfigurationName = Release;
		};
		EDD76C152AB944FF007BA34E /* Build configuration list for PBXNativeTarget "TestFarras" */ = {
			isa = XCConfigurationList;
			buildConfigurations = (
				EDD76C162AB944FF007BA34E /* Debug */,
				EDD76C172AB944FF007BA34E /* Release */,
			);
			defaultConfigurationIsVisible = 0;
			defaultConfigurationName = Release;
		};
		EDD76C182AB944FF007BA34E /* Build configuration list for PBXNativeTarget "TestFarrasTests" */ = {
			isa = XCConfigurationList;
			buildConfigurations = (
				EDD76C192AB944FF007BA34E /* Debug */,
				EDD76C1A2AB944FF007BA34E /* Release */,
			);
			defaultConfigurationIsVisible = 0;
			defaultConfigurationName = Release;
		};
/* End XCConfigurationList section */
	};
	rootObject = EDD76BE32AB944FD007BA34E /* Project object */;
}
