// !$*UTF8*$!
{
	archiveVersion = 1;
	classes = {
	};
	objectVersion = 56;
	objects = {

/* Begin PBXBuildFile section */
		EDD76BEF2AB944FD007BA34E /* AppDelegate.swift in Sources */ = {isa = PBXBuildFile; fileRef = EDD76BEE2AB944FD007BA34E /* AppDelegate.swift */; };
		EDD76BF12AB944FD007BA34E /* SceneDelegate.swift in Sources */ = {isa = PBXBuildFile; fileRef = EDD76BF02AB944FD007BA34E /* SceneDelegate.swift */; };
		EDD76BF32AB944FD007BA34E /* ViewController.swift in Sources */ = {isa = PBXBuildFile; fileRef = EDD76BF22AB944FD007BA34E /* ViewController.swift */; };
		EDD76BF62AB944FD007BA34E /* Main.storyboard in Resources */ = {isa = PBXBuildFile; fileRef = EDD76BF42AB944FD007BA34E /* Main.storyboard */; };
		EDD76BF82AB944FF007BA34E /* Assets.xcassets in Resources */ = {isa = PBXBuildFile; fileRef = EDD76BF72AB944FF007BA34E /* Assets.xcassets */; };
		EDD76BFB2AB944FF007BA34E /* LaunchScreen.storyboard in Resources */ = {isa = PBXBuildFile; fileRef = EDD76BF92AB944FF007BA34E /* LaunchScreen.storyboard */; };
		EDD76C062AB944FF007BA34E /* TestFarrasTests.swift in Sources */ = {isa = PBXBuildFile; fileRef = EDD76C052AB944FF007BA34E /* TestFarrasTests.swift */; };
		EDD76C102AB944FF007BA34E /* TestFarrasUITests.swift in Sources */ = {isa = PBXBuildFile; fileRef = EDD76C0F2AB944FF007BA34E /* TestFarrasUITests.swift */; };
		EDD76C122AB944FF007BA34E /* TestFarrasUITestsLaunchTests.swift in Sources */ = {isa = PBXBuildFile; fileRef = EDD76C112AB944FF007BA34E /* TestFarrasUITestsLaunchTests.swift */; };
		EDD76C5D2AB983A7007BA34E /* HomeVC.swift in Sources */ = {isa = PBXBuildFile; fileRef = EDD76C5C2AB983A7007BA34E /* HomeVC.swift */; };
		EDD76C652AB984A3007BA34E /* UIColor+Extensions.swift in Sources */ = {isa = PBXBuildFile; fileRef = EDD76C642AB984A3007BA34E /* UIColor+Extensions.swift */; };
		EDD76C682AB98547007BA34E /* BNIStackView.swift in Sources */ = {isa = PBXBuildFile; fileRef = EDD76C672AB98547007BA34E /* BNIStackView.swift */; };
		EDD76C6A2AB98ABD007BA34E /* UIView+Extensions.swift in Sources */ = {isa = PBXBuildFile; fileRef = EDD76C692AB98ABD007BA34E /* UIView+Extensions.swift */; };
		EDD76C6C2AB98D30007BA34E /* BNILabel.swift in Sources */ = {isa = PBXBuildFile; fileRef = EDD76C6B2AB98D30007BA34E /* BNILabel.swift */; };
		EDD76C6E2AB9932C007BA34E /* BNIImageView.swift in Sources */ = {isa = PBXBuildFile; fileRef = EDD76C6D2AB9932C007BA34E /* BNIImageView.swift */; };
		EDD76C762AB99A0C007BA34E /* QRCodeScannerViewController.swift in Sources */ = {isa = PBXBuildFile; fileRef = EDD76C752AB99A0C007BA34E /* QRCodeScannerViewController.swift */; };
		EDD76C792AB9A3AB007BA34E /* PaymentConfirmationVC.swift in Sources */ = {isa = PBXBuildFile; fileRef = EDD76C782AB9A3AB007BA34E /* PaymentConfirmationVC.swift */; };
		EDD76C7B2AB9B5EC007BA34E /* BNIButton.swift in Sources */ = {isa = PBXBuildFile; fileRef = EDD76C7A2AB9B5EC007BA34E /* BNIButton.swift */; };
		EDD76C7D2AB9B8C8007BA34E /* Payment.swift in Sources */ = {isa = PBXBuildFile; fileRef = EDD76C7C2AB9B8C8007BA34E /* Payment.swift */; };
/* End PBXBuildFile section */

/* Begin PBXContainerItemProxy section */
		EDD76C022AB944FF007BA34E /* PBXContainerItemProxy */ = {
			isa = PBXContainerItemProxy;
			containerPortal = EDD76BE32AB944FD007BA34E /* Project object */;
			proxyType = 1;
			remoteGlobalIDString = EDD76BEA2AB944FD007BA34E;
			remoteInfo = TestFarras;
		};
		EDD76C0C2AB944FF007BA34E /* PBXContainerItemProxy */ = {
			isa = PBXContainerItemProxy;
			containerPortal = EDD76BE32AB944FD007BA34E /* Project object */;
			proxyType = 1;
			remoteGlobalIDString = EDD76BEA2AB944FD007BA34E;
			remoteInfo = TestFarras;
		};
/* End PBXContainerItemProxy section */

/* Begin PBXFileReference section */
		EDD76BEB2AB944FD007BA34E /* TestFarras.app */ = {isa = PBXFileReference; explicitFileType = wrapper.application; includeInIndex = 0; path = TestFarras.app; sourceTree = BUILT_PRODUCTS_DIR; };
		EDD76BEE2AB944FD007BA34E /* AppDelegate.swift */ = {isa = PBXFileReference; lastKnownFileType = sourcecode.swift; path = AppDelegate.swift; sourceTree = "<group>"; };
		EDD76BF02AB944FD007BA34E /* SceneDelegate.swift */ = {isa = PBXFileReference; lastKnownFileType = sourcecode.swift; path = SceneDelegate.swift; sourceTree = "<group>"; };
		EDD76BF22AB944FD007BA34E /* ViewController.swift */ = {isa = PBXFileReference; lastKnownFileType = sourcecode.swift; path = ViewController.swift; sourceTree = "<group>"; };
		EDD76BF52AB944FD007BA34E /* Base */ = {isa = PBXFileReference; lastKnownFileType = file.storyboard; name = Base; path = Base.lproj/Main.storyboard; sourceTree = "<group>"; };
		EDD76BF72AB944FF007BA34E /* Assets.xcassets */ = {isa = PBXFileReference; lastKnownFileType = folder.assetcatalog; path = Assets.xcassets; sourceTree = "<group>"; };
		EDD76BFA2AB944FF007BA34E /* Base */ = {isa = PBXFileReference; lastKnownFileType = file.storyboard; name = Base; path = Base.lproj/LaunchScreen.storyboard; sourceTree = "<group>"; };
		EDD76BFC2AB944FF007BA34E /* Info.plist */ = {isa = PBXFileReference; lastKnownFileType = text.plist.xml; path = Info.plist; sourceTree = "<group>"; };
		EDD76C012AB944FF007BA34E /* TestFarrasTests.xctest */ = {isa = PBXFileReference; explicitFileType = wrapper.cfbundle; includeInIndex = 0; path = TestFarrasTests.xctest; sourceTree = BUILT_PRODUCTS_DIR; };
		EDD76C052AB944FF007BA34E /* TestFarrasTests.swift */ = {isa = PBXFileReference; lastKnownFileType = sourcecode.swift; path = TestFarrasTests.swift; sourceTree = "<group>"; };
		EDD76C0B2AB944FF007BA34E /* TestFarrasUITests.xctest */ = {isa = PBXFileReference; explicitFileType = wrapper.cfbundle; includeInIndex = 0; path = TestFarrasUITests.xctest; sourceTree = BUILT_PRODUCTS_DIR; };
		EDD76C0F2AB944FF007BA34E /* TestFarrasUITests.swift */ = {isa = PBXFileReference; lastKnownFileType = sourcecode.swift; path = TestFarrasUITests.swift; sourceTree = "<group>"; };
		EDD76C112AB944FF007BA34E /* TestFarrasUITestsLaunchTests.swift */ = {isa = PBXFileReference; lastKnownFileType = sourcecode.swift; path = TestFarrasUITestsLaunchTests.swift; sourceTree = "<group>"; };
		EDD76C5C2AB983A7007BA34E /* HomeVC.swift */ = {isa = PBXFileReference; lastKnownFileType = sourcecode.swift; path = HomeVC.swift; sourceTree = "<group>"; };
		EDD76C642AB984A3007BA34E /* UIColor+Extensions.swift */ = {isa = PBXFileReference; lastKnownFileType = sourcecode.swift; path = "UIColor+Extensions.swift"; sourceTree = "<group>"; };
		EDD76C672AB98547007BA34E /* BNIStackView.swift */ = {isa = PBXFileReference; lastKnownFileType = sourcecode.swift; path = BNIStackView.swift; sourceTree = "<group>"; };
		EDD76C692AB98ABD007BA34E /* UIView+Extensions.swift */ = {isa = PBXFileReference; lastKnownFileType = sourcecode.swift; path = "UIView+Extensions.swift"; sourceTree = "<group>"; };
		EDD76C6B2AB98D30007BA34E /* BNILabel.swift */ = {isa = PBXFileReference; lastKnownFileType = sourcecode.swift; path = BNILabel.swift; sourceTree = "<group>"; };
		EDD76C6D2AB9932C007BA34E /* BNIImageView.swift */ = {isa = PBXFileReference; lastKnownFileType = sourcecode.swift; path = BNIImageView.swift; sourceTree = "<group>"; };
		EDD76C752AB99A0C007BA34E /* QRCodeScannerViewController.swift */ = {isa = PBXFileReference; lastKnownFileType = sourcecode.swift; path = QRCodeScannerViewController.swift; sourceTree = "<group>"; };
		EDD76C782AB9A3AB007BA34E /* PaymentConfirmationVC.swift */ = {isa = PBXFileReference; lastKnownFileType = sourcecode.swift; path = PaymentConfirmationVC.swift; sourceTree = "<group>"; };
		EDD76C7A2AB9B5EC007BA34E /* BNIButton.swift */ = {isa = PBXFileReference; lastKnownFileType = sourcecode.swift; path = BNIButton.swift; sourceTree = "<group>"; };
		EDD76C7C2AB9B8C8007BA34E /* Payment.swift */ = {isa = PBXFileReference; lastKnownFileType = sourcecode.swift; path = Payment.swift; sourceTree = "<group>"; };
/* End PBXFileReference section */

/* Begin PBXFrameworksBuildPhase section */
		EDD76BE82AB944FD007BA34E /* Frameworks */ = {
			isa = PBXFrameworksBuildPhase;
			buildActionMask = 2147483647;
			files = (
			);
			runOnlyForDeploymentPostprocessing = 0;
		};
		EDD76BFE2AB944FF007BA34E /* Frameworks */ = {
			isa = PBXFrameworksBuildPhase;
			buildActionMask = 2147483647;
			files = (
			);
			runOnlyForDeploymentPostprocessing = 0;
		};
		EDD76C082AB944FF007BA34E /* Frameworks */ = {
			isa = PBXFrameworksBuildPhase;
			buildActionMask = 2147483647;
			files = (
			);
			runOnlyForDeploymentPostprocessing = 0;
		};
/* End PBXFrameworksBuildPhase section */

/* Begin PBXGroup section */
		EDD76BE22AB944FD007BA34E = {
			isa = PBXGroup;
			children = (
				EDD76BED2AB944FD007BA34E /* TestFarras */,
				EDD76C042AB944FF007BA34E /* TestFarrasTests */,
				EDD76C0E2AB944FF007BA34E /* TestFarrasUITests */,
				EDD76BEC2AB944FD007BA34E /* Products */,
			);
			sourceTree = "<group>";
		};
		EDD76BEC2AB944FD007BA34E /* Products */ = {
			isa = PBXGroup;
			children = (
				EDD76BEB2AB944FD007BA34E /* TestFarras.app */,
				EDD76C012AB944FF007BA34E /* TestFarrasTests.xctest */,
				EDD76C0B2AB944FF007BA34E /* TestFarrasUITests.xctest */,
			);
			name = Products;
			sourceTree = "<group>";
		};
		EDD76BED2AB944FD007BA34E /* TestFarras */ = {
			isa = PBXGroup;
			children = (
				EDD76C772AB9A38F007BA34E /* PaymentConfirmationVC */,
				EDD76C742AB999F6007BA34E /* QR */,
				EDD76C732AB999CE007BA34E /* HomeVC */,
				EDD76C662AB98534007BA34E /* ReusableViews */,
				EDD76C632AB98496007BA34E /* Extensions */,
				EDD76BEE2AB944FD007BA34E /* AppDelegate.swift */,
				EDD76BF02AB944FD007BA34E /* SceneDelegate.swift */,
				EDD76BF22AB944FD007BA34E /* ViewController.swift */,
				EDD76BF42AB944FD007BA34E /* Main.storyboard */,
				EDD76BF72AB944FF007BA34E /* Assets.xcassets */,
				EDD76BF92AB944FF007BA34E /* LaunchScreen.storyboard */,
				EDD76BFC2AB944FF007BA34E /* Info.plist */,
			);
			path = TestFarras;
			sourceTree = "<group>";
		};
		EDD76C042AB944FF007BA34E /* TestFarrasTests */ = {
			isa = PBXGroup;
			children = (
				EDD76C052AB944FF007BA34E /* TestFarrasTests.swift */,
			);
			path = TestFarrasTests;
			sourceTree = "<group>";
		};
		EDD76C0E2AB944FF007BA34E /* TestFarrasUITests */ = {
			isa = PBXGroup;
			children = (
				EDD76C0F2AB944FF007BA34E /* TestFarrasUITests.swift */,
				EDD76C112AB944FF007BA34E /* TestFarrasUITestsLaunchTests.swift */,
			);
			path = TestFarrasUITests;
			sourceTree = "<group>";
		};
		EDD76C632AB98496007BA34E /* Extensions */ = {
			isa = PBXGroup;
			children = (
				EDD76C642AB984A3007BA34E /* UIColor+Extensions.swift */,
				EDD76C692AB98ABD007BA34E /* UIView+Extensions.swift */,
			);
			path = Extensions;
			sourceTree = "<group>";
		};
		EDD76C662AB98534007BA34E /* ReusableViews */ = {
			isa = PBXGroup;
			children = (
				EDD76C672AB98547007BA34E /* BNIStackView.swift */,
				EDD76C6B2AB98D30007BA34E /* BNILabel.swift */,
				EDD76C6D2AB9932C007BA34E /* BNIImageView.swift */,
				EDD76C7A2AB9B5EC007BA34E /* BNIButton.swift */,
			);
			path = ReusableViews;
			sourceTree = "<group>";
		};
		EDD76C732AB999CE007BA34E /* HomeVC */ = {
			isa = PBXGroup;
			children = (
				EDD76C5C2AB983A7007BA34E /* HomeVC.swift */,
			);
			path = HomeVC;
			sourceTree = "<group>";
		};
		EDD76C742AB999F6007BA34E /* QR */ = {
			isa = PBXGroup;
			children = (
				EDD76C752AB99A0C007BA34E /* QRCodeScannerViewController.swift */,
			);
			path = QR;
			sourceTree = "<group>";
		};
		EDD76C772AB9A38F007BA34E /* PaymentConfirmationVC */ = {
			isa = PBXGroup;
			children = (
				EDD76C782AB9A3AB007BA34E /* PaymentConfirmationVC.swift */,
				EDD76C7C2AB9B8C8007BA34E /* Payment.swift */,
			);
			path = PaymentConfirmationVC;
			sourceTree = "<group>";
		};
/* End PBXGroup section */

/* Begin PBXNativeTarget section */
		EDD76BEA2AB944FD007BA34E /* TestFarras */ = {
			isa = PBXNativeTarget;
			buildConfigurationList = EDD76C152AB944FF007BA34E /* Build configuration list for PBXNativeTarget "TestFarras" */;
			buildPhases = (
				EDD76BE72AB944FD007BA34E /* Sources */,
				EDD76BE82AB944FD007BA34E /* Frameworks */,
				EDD76BE92AB944FD007BA34E /* Resources */,
			);
			buildRules = (
			);
			dependencies = (
			);
			name = TestFarras;
			productName = TestFarras;
			productReference = EDD76BEB2AB944FD007BA34E /* TestFarras.app */;
			productType = "com.apple.product-type.application";
		};
		EDD76C002AB944FF007BA34E /* TestFarrasTests */ = {
			isa = PBXNativeTarget;
			buildConfigurationList = EDD76C182AB944FF007BA34E /* Build configuration list for PBXNativeTarget "TestFarrasTests" */;
			buildPhases = (
				EDD76BFD2AB944FF007BA34E /* Sources */,
				EDD76BFE2AB944FF007BA34E /* Frameworks */,
				EDD76BFF2AB944FF007BA34E /* Resources */,
			);
			buildRules = (
			);
			dependencies = (
				EDD76C032AB944FF007BA34E /* PBXTargetDependency */,
			);
			name = TestFarrasTests;
			productName = TestFarrasTests;
			productReference = EDD76C012AB944FF007BA34E /* TestFarrasTests.xctest */;
			productType = "com.apple.product-type.bundle.unit-test";
		};
		EDD76C0A2AB944FF007BA34E /* TestFarrasUITests */ = {
			isa = PBXNativeTarget;
			buildConfigurationList = EDD76C1B2AB944FF007BA34E /* Build configuration list for PBXNativeTarget "TestFarrasUITests" */;
			buildPhases = (
				EDD76C072AB944FF007BA34E /* Sources */,
				EDD76C082AB944FF007BA34E /* Frameworks */,
				EDD76C092AB944FF007BA34E /* Resources */,
			);
			buildRules = (
			);
			dependencies = (
				EDD76C0D2AB944FF007BA34E /* PBXTargetDependency */,
			);
			name = TestFarrasUITests;
			productName = TestFarrasUITests;
			productReference = EDD76C0B2AB944FF007BA34E /* TestFarrasUITests.xctest */;
			productType = "com.apple.product-type.bundle.ui-testing";
		};
/* End PBXNativeTarget section */

/* Begin PBXProject section */
		EDD76BE32AB944FD007BA34E /* Project object */ = {
			isa = PBXProject;
			attributes = {
				BuildIndependentTargetsInParallel = 1;
				LastSwiftUpdateCheck = 1430;
				LastUpgradeCheck = 1430;
				TargetAttributes = {
					EDD76BEA2AB944FD007BA34E = {
						CreatedOnToolsVersion = 14.3.1;
					};
					EDD76C002AB944FF007BA34E = {
						CreatedOnToolsVersion = 14.3.1;
						TestTargetID = EDD76BEA2AB944FD007BA34E;
					};
					EDD76C0A2AB944FF007BA34E = {
						CreatedOnToolsVersion = 14.3.1;
						TestTargetID = EDD76BEA2AB944FD007BA34E;
					};
				};
			};
			buildConfigurationList = EDD76BE62AB944FD007BA34E /* Build configuration list for PBXProject "TestFarras" */;
			compatibilityVersion = "Xcode 14.0";
			developmentRegion = en;
			hasScannedForEncodings = 0;
			knownRegions = (
				en,
				Base,
			);
			mainGroup = EDD76BE22AB944FD007BA34E;
			productRefGroup = EDD76BEC2AB944FD007BA34E /* Products */;
			projectDirPath = "";
			projectRoot = "";
			targets = (
				EDD76BEA2AB944FD007BA34E /* TestFarras */,
				EDD76C002AB944FF007BA34E /* TestFarrasTests */,
				EDD76C0A2AB944FF007BA34E /* TestFarrasUITests */,
			);
		};
/* End PBXProject section */

/* Begin PBXResourcesBuildPhase section */
		EDD76BE92AB944FD007BA34E /* Resources */ = {
			isa = PBXResourcesBuildPhase;
			buildActionMask = 2147483647;
			files = (
				EDD76BFB2AB944FF007BA34E /* LaunchScreen.storyboard in Resources */,
				EDD76BF82AB944FF007BA34E /* Assets.xcassets in Resources */,
				EDD76BF62AB944FD007BA34E /* Main.storyboard in Resources */,
			);
			runOnlyForDeploymentPostprocessing = 0;
		};
		EDD76BFF2AB944FF007BA34E /* Resources */ = {
			isa = PBXResourcesBuildPhase;
			buildActionMask = 2147483647;
			files = (
			);
			runOnlyForDeploymentPostprocessing = 0;
		};
		EDD76C092AB944FF007BA34E /* Resources */ = {
			isa = PBXResourcesBuildPhase;
			buildActionMask = 2147483647;
			files = (
			);
			runOnlyForDeploymentPostprocessing = 0;
		};
/* End PBXResourcesBuildPhase section */

/* Begin PBXSourcesBuildPhase section */
		EDD76BE72AB944FD007BA34E /* Sources */ = {
			isa = PBXSourcesBuildPhase;
			buildActionMask = 2147483647;
			files = (
				EDD76BF32AB944FD007BA34E /* ViewController.swift in Sources */,
				EDD76C5D2AB983A7007BA34E /* HomeVC.swift in Sources */,
				EDD76C6A2AB98ABD007BA34E /* UIView+Extensions.swift in Sources */,
				EDD76C6E2AB9932C007BA34E /* BNIImageView.swift in Sources */,
				EDD76C6C2AB98D30007BA34E /* BNILabel.swift in Sources */,
				EDD76C652AB984A3007BA34E /* UIColor+Extensions.swift in Sources */,
				EDD76BEF2AB944FD007BA34E /* AppDelegate.swift in Sources */,
				EDD76C7B2AB9B5EC007BA34E /* BNIButton.swift in Sources */,
				EDD76C7D2AB9B8C8007BA34E /* Payment.swift in Sources */,
				EDD76C762AB99A0C007BA34E /* QRCodeScannerViewController.swift in Sources */,
				EDD76BF12AB944FD007BA34E /* SceneDelegate.swift in Sources */,
				EDD76C792AB9A3AB007BA34E /* PaymentConfirmationVC.swift in Sources */,
				EDD76C682AB98547007BA34E /* BNIStackView.swift in Sources */,
			);
			runOnlyForDeploymentPostprocessing = 0;
		};
		EDD76BFD2AB944FF007BA34E /* Sources */ = {
			isa = PBXSourcesBuildPhase;
			buildActionMask = 2147483647;
			files = (
				EDD76C062AB944FF007BA34E /* TestFarrasTests.swift in Sources */,
			);
			runOnlyForDeploymentPostprocessing = 0;
		};
		EDD76C072AB944FF007BA34E /* Sources */ = {
			isa = PBXSourcesBuildPhase;
			buildActionMask = 2147483647;
			files = (
				EDD76C102AB944FF007BA34E /* TestFarrasUITests.swift in Sources */,
				EDD76C122AB944FF007BA34E /* TestFarrasUITestsLaunchTests.swift in Sources */,
			);
			runOnlyForDeploymentPostprocessing = 0;
		};
/* End PBXSourcesBuildPhase section */

/* Begin PBXTargetDependency section */
		EDD76C032AB944FF007BA34E /* PBXTargetDependency */ = {
			isa = PBXTargetDependency;
			target = EDD76BEA2AB944FD007BA34E /* TestFarras */;
			targetProxy = EDD76C022AB944FF007BA34E /* PBXContainerItemProxy */;
		};
		EDD76C0D2AB944FF007BA34E /* PBXTargetDependency */ = {
			isa = PBXTargetDependency;
			target = EDD76BEA2AB944FD007BA34E /* TestFarras */;
			targetProxy = EDD76C0C2AB944FF007BA34E /* PBXContainerItemProxy */;
		};
/* End PBXTargetDependency section */

/* Begin PBXVariantGroup section */
		EDD76BF42AB944FD007BA34E /* Main.storyboard */ = {
			isa = PBXVariantGroup;
			children = (
				EDD76BF52AB944FD007BA34E /* Base */,
			);
			name = Main.storyboard;
			sourceTree = "<group>";
		};
		EDD76BF92AB944FF007BA34E /* LaunchScreen.storyboard */ = {
			isa = PBXVariantGroup;
			children = (
				EDD76BFA2AB944FF007BA34E /* Base */,
			);
			name = LaunchScreen.storyboard;
			sourceTree = "<group>";
		};
/* End PBXVariantGroup section */

/* Begin XCBuildConfiguration section */
		EDD76C132AB944FF007BA34E /* Debug */ = {
			isa = XCBuildConfiguration;
			buildSettings = {
				ALWAYS_SEARCH_USER_PATHS = NO;
				CLANG_ANALYZER_NONNULL = YES;
				CLANG_ANALYZER_NUMBER_OBJECT_CONVERSION = YES_AGGRESSIVE;
				CLANG_CXX_LANGUAGE_STANDARD = "gnu++20";
				CLANG_ENABLE_MODULES = YES;
				CLANG_ENABLE_OBJC_ARC = YES;
				CLANG_ENABLE_OBJC_WEAK = YES;
				CLANG_WARN_BLOCK_CAPTURE_AUTORELEASING = YES;
				CLANG_WARN_BOOL_CONVERSION = YES;
				CLANG_WARN_COMMA = YES;
				CLANG_WARN_CONSTANT_CONVERSION = YES;
				CLANG_WARN_DEPRECATED_OBJC_IMPLEMENTATIONS = YES;
				CLANG_WARN_DIRECT_OBJC_ISA_USAGE = YES_ERROR;
				CLANG_WARN_DOCUMENTATION_COMMENTS = YES;
				CLANG_WARN_EMPTY_BODY = YES;
				CLANG_WARN_ENUM_CONVERSION = YES;
				CLANG_WARN_INFINITE_RECURSION = YES;
				CLANG_WARN_INT_CONVERSION = YES;
				CLANG_WARN_NON_LITERAL_NULL_CONVERSION = YES;
				CLANG_WARN_OBJC_IMPLICIT_RETAIN_SELF = YES;
				CLANG_WARN_OBJC_LITERAL_CONVERSION = YES;
				CLANG_WARN_OBJC_ROOT_CLASS = YES_ERROR;
				CLANG_WARN_QUOTED_INCLUDE_IN_FRAMEWORK_HEADER = YES;
				CLANG_WARN_RANGE_LOOP_ANALYSIS = YES;
				CLANG_WARN_STRICT_PROTOTYPES = YES;
				CLANG_WARN_SUSPICIOUS_MOVE = YES;
				CLANG_WARN_UNGUARDED_AVAILABILITY = YES_AGGRESSIVE;
				CLANG_WARN_UNREACHABLE_CODE = YES;
				CLANG_WARN__DUPLICATE_METHOD_MATCH = YES;
				COPY_PHASE_STRIP = NO;
				DEBUG_INFORMATION_FORMAT = dwarf;
				ENABLE_STRICT_OBJC_MSGSEND = YES;
				ENABLE_TESTABILITY = YES;
				GCC_C_LANGUAGE_STANDARD = gnu11;
				GCC_DYNAMIC_NO_PIC = NO;
				GCC_NO_COMMON_BLOCKS = YES;
				GCC_OPTIMIZATION_LEVEL = 0;
				GCC_PREPROCESSOR_DEFINITIONS = (
					"DEBUG=1",
					"$(inherited)",
				);
				GCC_WARN_64_TO_32_BIT_CONVERSION = YES;
				GCC_WARN_ABOUT_RETURN_TYPE = YES_ERROR;
				GCC_WARN_UNDECLARED_SELECTOR = YES;
				GCC_WARN_UNINITIALIZED_AUTOS = YES_AGGRESSIVE;
				GCC_WARN_UNUSED_FUNCTION = YES;
				GCC_WARN_UNUSED_VARIABLE = YES;
				IPHONEOS_DEPLOYMENT_TARGET = 16.4;
				MTL_ENABLE_DEBUG_INFO = INCLUDE_SOURCE;
				MTL_FAST_MATH = YES;
				ONLY_ACTIVE_ARCH = YES;
				SDKROOT = iphoneos;
				SWIFT_ACTIVE_COMPILATION_CONDITIONS = DEBUG;
				SWIFT_OPTIMIZATION_LEVEL = "-Onone";
			};
			name = Debug;
		};
		EDD76C142AB944FF007BA34E /* Release */ = {
			isa = XCBuildConfiguration;
			buildSettings = {
				ALWAYS_SEARCH_USER_PATHS = NO;
				CLANG_ANALYZER_NONNULL = YES;
				CLANG_ANALYZER_NUMBER_OBJECT_CONVERSION = YES_AGGRESSIVE;
				CLANG_CXX_LANGUAGE_STANDARD = "gnu++20";
				CLANG_ENABLE_MODULES = YES;
				CLANG_ENABLE_OBJC_ARC = YES;
				CLANG_ENABLE_OBJC_WEAK = YES;
				CLANG_WARN_BLOCK_CAPTURE_AUTORELEASING = YES;
				CLANG_WARN_BOOL_CONVERSION = YES;
				CLANG_WARN_COMMA = YES;
				CLANG_WARN_CONSTANT_CONVERSION = YES;
				CLANG_WARN_DEPRECATED_OBJC_IMPLEMENTATIONS = YES;
				CLANG_WARN_DIRECT_OBJC_ISA_USAGE = YES_ERROR;
				CLANG_WARN_DOCUMENTATION_COMMENTS = YES;
				CLANG_WARN_EMPTY_BODY = YES;
				CLANG_WARN_ENUM_CONVERSION = YES;
				CLANG_WARN_INFINITE_RECURSION = YES;
				CLANG_WARN_INT_CONVERSION = YES;
				CLANG_WARN_NON_LITERAL_NULL_CONVERSION = YES;
				CLANG_WARN_OBJC_IMPLICIT_RETAIN_SELF = YES;
				CLANG_WARN_OBJC_LITERAL_CONVERSION = YES;
				CLANG_WARN_OBJC_ROOT_CLASS = YES_ERROR;
				CLANG_WARN_QUOTED_INCLUDE_IN_FRAMEWORK_HEADER = YES;
				CLANG_WARN_RANGE_LOOP_ANALYSIS = YES;
				CLANG_WARN_STRICT_PROTOTYPES = YES;
				CLANG_WARN_SUSPICIOUS_MOVE = YES;
				CLANG_WARN_UNGUARDED_AVAILABILITY = YES_AGGRESSIVE;
				CLANG_WARN_UNREACHABLE_CODE = YES;
				CLANG_WARN__DUPLICATE_METHOD_MATCH = YES;
				COPY_PHASE_STRIP = NO;
				DEBUG_INFORMATION_FORMAT = "dwarf-with-dsym";
				ENABLE_NS_ASSERTIONS = NO;
				ENABLE_STRICT_OBJC_MSGSEND = YES;
				GCC_C_LANGUAGE_STANDARD = gnu11;
				GCC_NO_COMMON_BLOCKS = YES;
				GCC_WARN_64_TO_32_BIT_CONVERSION = YES;
				GCC_WARN_ABOUT_RETURN_TYPE = YES_ERROR;
				GCC_WARN_UNDECLARED_SELECTOR = YES;
				GCC_WARN_UNINITIALIZED_AUTOS = YES_AGGRESSIVE;
				GCC_WARN_UNUSED_FUNCTION = YES;
				GCC_WARN_UNUSED_VARIABLE = YES;
				IPHONEOS_DEPLOYMENT_TARGET = 16.4;
				MTL_ENABLE_DEBUG_INFO = NO;
				MTL_FAST_MATH = YES;
				SDKROOT = iphoneos;
				SWIFT_COMPILATION_MODE = wholemodule;
				SWIFT_OPTIMIZATION_LEVEL = "-O";
				VALIDATE_PRODUCT = YES;
			};
			name = Release;
		};
		EDD76C162AB944FF007BA34E /* Debug */ = {
			isa = XCBuildConfiguration;
			buildSettings = {
				ASSETCATALOG_COMPILER_APPICON_NAME = AppIcon;
				ASSETCATALOG_COMPILER_GLOBAL_ACCENT_COLOR_NAME = AccentColor;
				CODE_SIGN_STYLE = Automatic;
				CURRENT_PROJECT_VERSION = 1;
				DEVELOPMENT_TEAM = 8NCFZ4PR92;
				GENERATE_INFOPLIST_FILE = YES;
				INFOPLIST_FILE = TestFarras/Info.plist;
				INFOPLIST_KEY_UIApplicationSupportsIndirectInputEvents = YES;
				INFOPLIST_KEY_UILaunchStoryboardName = LaunchScreen;
				INFOPLIST_KEY_UIMainStoryboardFile = Main;
				INFOPLIST_KEY_UISupportedInterfaceOrientations_iPad = "UIInterfaceOrientationPortrait UIInterfaceOrientationPortraitUpsideDown UIInterfaceOrientationLandscapeLeft UIInterfaceOrientationLandscapeRight";
				INFOPLIST_KEY_UISupportedInterfaceOrientations_iPhone = "UIInterfaceOrientationPortrait UIInterfaceOrientationLandscapeLeft UIInterfaceOrientationLandscapeRight";
				LD_RUNPATH_SEARCH_PATHS = (
					"$(inherited)",
					"@executable_path/Frameworks",
				);
				MARKETING_VERSION = 1.0;
				PRODUCT_BUNDLE_IDENTIFIER = com.farras.TestFarras;
				PRODUCT_NAME = "$(TARGET_NAME)";
				SWIFT_EMIT_LOC_STRINGS = YES;
				SWIFT_VERSION = 5.0;
				TARGETED_DEVICE_FAMILY = "1,2";
			};
			name = Debug;
		};
		EDD76C172AB944FF007BA34E /* Release */ = {
			isa = XCBuildConfiguration;
			buildSettings = {
				ASSETCATALOG_COMPILER_APPICON_NAME = AppIcon;
				ASSETCATALOG_COMPILER_GLOBAL_ACCENT_COLOR_NAME = AccentColor;
				CODE_SIGN_STYLE = Automatic;
				CURRENT_PROJECT_VERSION = 1;
				DEVELOPMENT_TEAM = 8NCFZ4PR92;
				GENERATE_INFOPLIST_FILE = YES;
				INFOPLIST_FILE = TestFarras/Info.plist;
				INFOPLIST_KEY_UIApplicationSupportsIndirectInputEvents = YES;
				INFOPLIST_KEY_UILaunchStoryboardName = LaunchScreen;
				INFOPLIST_KEY_UIMainStoryboardFile = Main;
				INFOPLIST_KEY_UISupportedInterfaceOrientations_iPad = "UIInterfaceOrientationPortrait UIInterfaceOrientationPortraitUpsideDown UIInterfaceOrientationLandscapeLeft UIInterfaceOrientationLandscapeRight";
				INFOPLIST_KEY_UISupportedInterfaceOrientations_iPhone = "UIInterfaceOrientationPortrait UIInterfaceOrientationLandscapeLeft UIInterfaceOrientationLandscapeRight";
				LD_RUNPATH_SEARCH_PATHS = (
					"$(inherited)",
					"@executable_path/Frameworks",
				);
				MARKETING_VERSION = 1.0;
				PRODUCT_BUNDLE_IDENTIFIER = com.farras.TestFarras;
				PRODUCT_NAME = "$(TARGET_NAME)";
				SWIFT_EMIT_LOC_STRINGS = YES;
				SWIFT_VERSION = 5.0;
				TARGETED_DEVICE_FAMILY = "1,2";
			};
			name = Release;
		};
		EDD76C192AB944FF007BA34E /* Debug */ = {
			isa = XCBuildConfiguration;
			buildSettings = {
				ALWAYS_EMBED_SWIFT_STANDARD_LIBRARIES = YES;
				BUNDLE_LOADER = "$(TEST_HOST)";
				CODE_SIGN_STYLE = Automatic;
				CURRENT_PROJECT_VERSION = 1;
				GENERATE_INFOPLIST_FILE = YES;
				IPHONEOS_DEPLOYMENT_TARGET = 16.4;
				MARKETING_VERSION = 1.0;
				PRODUCT_BUNDLE_IDENTIFIER = com.farras.TestFarrasTests;
				PRODUCT_NAME = "$(TARGET_NAME)";
				SWIFT_EMIT_LOC_STRINGS = NO;
				SWIFT_VERSION = 5.0;
				TARGETED_DEVICE_FAMILY = "1,2";
				TEST_HOST = "$(BUILT_PRODUCTS_DIR)/TestFarras.app/$(BUNDLE_EXECUTABLE_FOLDER_PATH)/TestFarras";
			};
			name = Debug;
		};
		EDD76C1A2AB944FF007BA34E /* Release */ = {
			isa = XCBuildConfiguration;
			buildSettings = {
				ALWAYS_EMBED_SWIFT_STANDARD_LIBRARIES = YES;
				BUNDLE_LOADER = "$(TEST_HOST)";
				CODE_SIGN_STYLE = Automatic;
				CURRENT_PROJECT_VERSION = 1;
				GENERATE_INFOPLIST_FILE = YES;
				IPHONEOS_DEPLOYMENT_TARGET = 16.4;
				MARKETING_VERSION = 1.0;
				PRODUCT_BUNDLE_IDENTIFIER = com.farras.TestFarrasTests;
				PRODUCT_NAME = "$(TARGET_NAME)";
				SWIFT_EMIT_LOC_STRINGS = NO;
				SWIFT_VERSION = 5.0;
				TARGETED_DEVICE_FAMILY = "1,2";
				TEST_HOST = "$(BUILT_PRODUCTS_DIR)/TestFarras.app/$(BUNDLE_EXECUTABLE_FOLDER_PATH)/TestFarras";
			};
			name = Release;
		};
		EDD76C1C2AB944FF007BA34E /* Debug */ = {
			isa = XCBuildConfiguration;
			buildSettings = {
				ALWAYS_EMBED_SWIFT_STANDARD_LIBRARIES = YES;
				CODE_SIGN_STYLE = Automatic;
				CURRENT_PROJECT_VERSION = 1;
				GENERATE_INFOPLIST_FILE = YES;
				MARKETING_VERSION = 1.0;
				PRODUCT_BUNDLE_IDENTIFIER = com.farras.TestFarrasUITests;
				PRODUCT_NAME = "$(TARGET_NAME)";
				SWIFT_EMIT_LOC_STRINGS = NO;
				SWIFT_VERSION = 5.0;
				TARGETED_DEVICE_FAMILY = "1,2";
				TEST_TARGET_NAME = TestFarras;
			};
			name = Debug;
		};
		EDD76C1D2AB944FF007BA34E /* Release */ = {
			isa = XCBuildConfiguration;
			buildSettings = {
				ALWAYS_EMBED_SWIFT_STANDARD_LIBRARIES = YES;
				CODE_SIGN_STYLE = Automatic;
				CURRENT_PROJECT_VERSION = 1;
				GENERATE_INFOPLIST_FILE = YES;
				MARKETING_VERSION = 1.0;
				PRODUCT_BUNDLE_IDENTIFIER = com.farras.TestFarrasUITests;
				PRODUCT_NAME = "$(TARGET_NAME)";
				SWIFT_EMIT_LOC_STRINGS = NO;
				SWIFT_VERSION = 5.0;
				TARGETED_DEVICE_FAMILY = "1,2";
				TEST_TARGET_NAME = TestFarras;
			};
			name = Release;
		};
/* End XCBuildConfiguration section */

/* Begin XCConfigurationList section */
		EDD76BE62AB944FD007BA34E /* Build configuration list for PBXProject "TestFarras" */ = {
			isa = XCConfigurationList;
			buildConfigurations = (
				EDD76C132AB944FF007BA34E /* Debug */,
				EDD76C142AB944FF007BA34E /* Release */,
			);
			defaultConfigurationIsVisible = 0;
			defaultConfigurationName = Release;
		};
		EDD76C152AB944FF007BA34E /* Build configuration list for PBXNativeTarget "TestFarras" */ = {
			isa = XCConfigurationList;
			buildConfigurations = (
				EDD76C162AB944FF007BA34E /* Debug */,
				EDD76C172AB944FF007BA34E /* Release */,
			);
			defaultConfigurationIsVisible = 0;
			defaultConfigurationName = Release;
		};
		EDD76C182AB944FF007BA34E /* Build configuration list for PBXNativeTarget "TestFarrasTests" */ = {
			isa = XCConfigurationList;
			buildConfigurations = (
				EDD76C192AB944FF007BA34E /* Debug */,
				EDD76C1A2AB944FF007BA34E /* Release */,
			);
			defaultConfigurationIsVisible = 0;
			defaultConfigurationName = Release;
		};
		EDD76C1B2AB944FF007BA34E /* Build configuration list for PBXNativeTarget "TestFarrasUITests" */ = {
			isa = XCConfigurationList;
			buildConfigurations = (
				EDD76C1C2AB944FF007BA34E /* Debug */,
				EDD76C1D2AB944FF007BA34E /* Release */,
			);
			defaultConfigurationIsVisible = 0;
			defaultConfigurationName = Release;
		};
/* End XCConfigurationList section */
	};
	rootObject = EDD76BE32AB944FD007BA34E /* Project object */;
}
